// !$*UTF8*$!
{
	archiveVersion = 1;
	classes = {
	};
	objectVersion = 50;
	objects = {

/* Begin PBXBuildFile section */
		A14668A72577996E0030EDC8 /* AppDelegate.swift in Sources */ = {isa = PBXBuildFile; fileRef = A14668A62577996E0030EDC8 /* AppDelegate.swift */; };
		A14668A92577996E0030EDC8 /* SceneDelegate.swift in Sources */ = {isa = PBXBuildFile; fileRef = A14668A82577996E0030EDC8 /* SceneDelegate.swift */; };
		A14668AB2577996E0030EDC8 /* ViewController.swift in Sources */ = {isa = PBXBuildFile; fileRef = A14668AA2577996E0030EDC8 /* ViewController.swift */; };
		A14668AE2577996E0030EDC8 /* Main.storyboard in Resources */ = {isa = PBXBuildFile; fileRef = A14668AC2577996E0030EDC8 /* Main.storyboard */; };
		A14668B02577996F0030EDC8 /* Assets.xcassets in Resources */ = {isa = PBXBuildFile; fileRef = A14668AF2577996F0030EDC8 /* Assets.xcassets */; };
		A14668B32577996F0030EDC8 /* LaunchScreen.storyboard in Resources */ = {isa = PBXBuildFile; fileRef = A14668B12577996F0030EDC8 /* LaunchScreen.storyboard */; };
/* End PBXBuildFile section */

/* Begin PBXFileReference section */
		A14668A32577996E0030EDC8 /* horizontal picker.app */ = {isa = PBXFileReference; explicitFileType = wrapper.application; includeInIndex = 0; path = "horizontal picker.app"; sourceTree = BUILT_PRODUCTS_DIR; };
		A14668A62577996E0030EDC8 /* AppDelegate.swift */ = {isa = PBXFileReference; lastKnownFileType = sourcecode.swift; path = AppDelegate.swift; sourceTree = "<group>"; };
		A14668A82577996E0030EDC8 /* SceneDelegate.swift */ = {isa = PBXFileReference; lastKnownFileType = sourcecode.swift; path = SceneDelegate.swift; sourceTree = "<group>"; };
		A14668AA2577996E0030EDC8 /* ViewController.swift */ = {isa = PBXFileReference; lastKnownFileType = sourcecode.swift; path = ViewController.swift; sourceTree = "<group>"; };
		A14668AD2577996E0030EDC8 /* Base */ = {isa = PBXFileReference; lastKnownFileType = file.storyboard; name = Base; path = Base.lproj/Main.storyboard; sourceTree = "<group>"; };
		A14668AF2577996F0030EDC8 /* Assets.xcassets */ = {isa = PBXFileReference; lastKnownFileType = folder.assetcatalog; path = Assets.xcassets; sourceTree = "<group>"; };
		A14668B22577996F0030EDC8 /* Base */ = {isa = PBXFileReference; lastKnownFileType = file.storyboard; name = Base; path = Base.lproj/LaunchScreen.storyboard; sourceTree = "<group>"; };
		A14668B42577996F0030EDC8 /* Info.plist */ = {isa = PBXFileReference; lastKnownFileType = text.plist.xml; path = Info.plist; sourceTree = "<group>"; };
/* End PBXFileReference section */

/* Begin PBXFrameworksBuildPhase section */
		A14668A02577996E0030EDC8 /* Frameworks */ = {
			isa = PBXFrameworksBuildPhase;
			buildActionMask = 2147483647;
			files = (
			);
			runOnlyForDeploymentPostprocessing = 0;
		};
/* End PBXFrameworksBuildPhase section */

/* Begin PBXGroup section */
		A146689A2577996E0030EDC8 = {
			isa = PBXGroup;
			children = (
				A14668A52577996E0030EDC8 /* horizontal picker */,
				A14668A42577996E0030EDC8 /* Products */,
			);
			sourceTree = "<group>";
		};
		A14668A42577996E0030EDC8 /* Products */ = {
			isa = PBXGroup;
			children = (
				A14668A32577996E0030EDC8 /* horizontal picker.app */,
			);
			name = Products;
			sourceTree = "<group>";
		};
		A14668A52577996E0030EDC8 /* horizontal picker */ = {
			isa = PBXGroup;
			children = (
				A14668A62577996E0030EDC8 /* AppDelegate.swift */,
				A14668A82577996E0030EDC8 /* SceneDelegate.swift */,
				A14668AA2577996E0030EDC8 /* ViewController.swift */,
				A14668AC2577996E0030EDC8 /* Main.storyboard */,
				A14668AF2577996F0030EDC8 /* Assets.xcassets */,
				A14668B12577996F0030EDC8 /* LaunchScreen.storyboard */,
				A14668B42577996F0030EDC8 /* Info.plist */,
			);
			path = "horizontal picker";
			sourceTree = "<group>";
		};
/* End PBXGroup section */

/* Begin PBXNativeTarget section */
		A14668A22577996E0030EDC8 /* horizontal picker */ = {
			isa = PBXNativeTarget;
			buildConfigurationList = A14668B72577996F0030EDC8 /* Build configuration list for PBXNativeTarget "horizontal picker" */;
			buildPhases = (
				A146689F2577996E0030EDC8 /* Sources */,
				A14668A02577996E0030EDC8 /* Frameworks */,
				A14668A12577996E0030EDC8 /* Resources */,
			);
			buildRules = (
			);
			dependencies = (
			);
			name = "horizontal picker";
			productName = "horizontal picker";
			productReference = A14668A32577996E0030EDC8 /* horizontal picker.app */;
			productType = "com.apple.product-type.application";
		};
/* End PBXNativeTarget section */

/* Begin PBXProject section */
		A146689B2577996E0030EDC8 /* Project object */ = {
			isa = PBXProject;
			attributes = {
				LastSwiftUpdateCheck = 1220;
				LastUpgradeCheck = 1220;
				TargetAttributes = {
					A14668A22577996E0030EDC8 = {
						CreatedOnToolsVersion = 12.2;
					};
				};
			};
			buildConfigurationList = A146689E2577996E0030EDC8 /* Build configuration list for PBXProject "horizontal picker" */;
			compatibilityVersion = "Xcode 9.3";
			developmentRegion = en;
			hasScannedForEncodings = 0;
			knownRegions = (
				en,
				Base,
			);
			mainGroup = A146689A2577996E0030EDC8;
			productRefGroup = A14668A42577996E0030EDC8 /* Products */;
			projectDirPath = "";
			projectRoot = "";
			targets = (
				A14668A22577996E0030EDC8 /* horizontal picker */,
			);
		};
/* End PBXProject section */

/* Begin PBXResourcesBuildPhase section */
		A14668A12577996E0030EDC8 /* Resources */ = {
			isa = PBXResourcesBuildPhase;
			buildActionMask = 2147483647;
			files = (
				A14668B32577996F0030EDC8 /* LaunchScreen.storyboard in Resources */,
				A14668B02577996F0030EDC8 /* Assets.xcassets in Resources */,
				A14668AE2577996E0030EDC8 /* Main.storyboard in Resources */,
			);
			runOnlyForDeploymentPostprocessing = 0;
		};
/* End PBXResourcesBuildPhase section */

/* Begin PBXSourcesBuildPhase section */
		A146689F2577996E0030EDC8 /* Sources */ = {
			isa = PBXSourcesBuildPhase;
			buildActionMask = 2147483647;
			files = (
				A14668AB2577996E0030EDC8 /* ViewController.swift in Sources */,
				A14668A72577996E0030EDC8 /* AppDelegate.swift in Sources */,
				A14668A92577996E0030EDC8 /* SceneDelegate.swift in Sources */,
			);
			runOnlyForDeploymentPostprocessing = 0;
		};
/* End PBXSourcesBuildPhase section */

/* Begin PBXVariantGroup section */
		A14668AC2577996E0030EDC8 /* Main.storyboard */ = {
			isa = PBXVariantGroup;
			children = (
				A14668AD2577996E0030EDC8 /* Base */,
			);
			name = Main.storyboard;
			sourceTree = "<group>";
		};
		A14668B12577996F0030EDC8 /* LaunchScreen.storyboard */ = {
			isa = PBXVariantGroup;
			children = (
				A14668B22577996F0030EDC8 /* Base */,
			);
			name = LaunchScreen.storyboard;
			sourceTree = "<group>";
		};
/* End PBXVariantGroup section */

/* Begin XCBuildConfiguration section */
		A14668B52577996F0030EDC8 /* Debug */ = {
			isa = XCBuildConfiguration;
			buildSettings = {
				ALWAYS_SEARCH_USER_PATHS = NO;
				CLANG_ANALYZER_NONNULL = YES;
				CLANG_ANALYZER_NUMBER_OBJECT_CONVERSION = YES_AGGRESSIVE;
				CLANG_CXX_LANGUAGE_STANDARD = "gnu++14";
				CLANG_CXX_LIBRARY = "libc++";
				CLANG_ENABLE_MODULES = YES;
				CLANG_ENABLE_OBJC_ARC = YES;
				CLANG_ENABLE_OBJC_WEAK = YES;
				CLANG_WARN_BLOCK_CAPTURE_AUTORELEASING = YES;
				CLANG_WARN_BOOL_CONVERSION = YES;
				CLANG_WARN_COMMA = YES;
				CLANG_WARN_CONSTANT_CONVERSION = YES;
				CLANG_WARN_DEPRECATED_OBJC_IMPLEMENTATIONS = YES;
				CLANG_WARN_DIRECT_OBJC_ISA_USAGE = YES_ERROR;
				CLANG_WARN_DOCUMENTATION_COMMENTS = YES;
				CLANG_WARN_EMPTY_BODY = YES;
				CLANG_WARN_ENUM_CONVERSION = YES;
				CLANG_WARN_INFINITE_RECURSION = YES;
				CLANG_WARN_INT_CONVERSION = YES;
				CLANG_WARN_NON_LITERAL_NULL_CONVERSION = YES;
				CLANG_WARN_OBJC_IMPLICIT_RETAIN_SELF = YES;
				CLANG_WARN_OBJC_LITERAL_CONVERSION = YES;
				CLANG_WARN_OBJC_ROOT_CLASS = YES_ERROR;
				CLANG_WARN_QUOTED_INCLUDE_IN_FRAMEWORK_HEADER = YES;
				CLANG_WARN_RANGE_LOOP_ANALYSIS = YES;
				CLANG_WARN_STRICT_PROTOTYPES = YES;
				CLANG_WARN_SUSPICIOUS_MOVE = YES;
				CLANG_WARN_UNGUARDED_AVAILABILITY = YES_AGGRESSIVE;
				CLANG_WARN_UNREACHABLE_CODE = YES;
				CLANG_WARN__DUPLICATE_METHOD_MATCH = YES;
				COPY_PHASE_STRIP = NO;
				DEBUG_INFORMATION_FORMAT = dwarf;
				ENABLE_STRICT_OBJC_MSGSEND = YES;
				ENABLE_TESTABILITY = YES;
				GCC_C_LANGUAGE_STANDARD = gnu11;
				GCC_DYNAMIC_NO_PIC = NO;
				GCC_NO_COMMON_BLOCKS = YES;
				GCC_OPTIMIZATION_LEVEL = 0;
				GCC_PREPROCESSOR_DEFINITIONS = (
					"DEBUG=1",
					"$(inherited)",
				);
				GCC_WARN_64_TO_32_BIT_CONVERSION = YES;
				GCC_WARN_ABOUT_RETURN_TYPE = YES_ERROR;
				GCC_WARN_UNDECLARED_SELECTOR = YES;
				GCC_WARN_UNINITIALIZED_AUTOS = YES_AGGRESSIVE;
				GCC_WARN_UNUSED_FUNCTION = YES;
				GCC_WARN_UNUSED_VARIABLE = YES;
				IPHONEOS_DEPLOYMENT_TARGET = 14.2;
				MTL_ENABLE_DEBUG_INFO = INCLUDE_SOURCE;
				MTL_FAST_MATH = YES;
				ONLY_ACTIVE_ARCH = YES;
				SDKROOT = iphoneos;
				SWIFT_ACTIVE_COMPILATION_CONDITIONS = DEBUG;
				SWIFT_OPTIMIZATION_LEVEL = "-Onone";
			};
			name = Debug;
		};
		A14668B62577996F0030EDC8 /* Release */ = {
			isa = XCBuildConfiguration;
			buildSettings = {
				ALWAYS_SEARCH_USER_PATHS = NO;
				CLANG_ANALYZER_NONNULL = YES;
				CLANG_ANALYZER_NUMBER_OBJECT_CONVERSION = YES_AGGRESSIVE;
				CLANG_CXX_LANGUAGE_STANDARD = "gnu++14";
				CLANG_CXX_LIBRARY = "libc++";
				CLANG_ENABLE_MODULES = YES;
				CLANG_ENABLE_OBJC_ARC = YES;
				CLANG_ENABLE_OBJC_WEAK = YES;
				CLANG_WARN_BLOCK_CAPTURE_AUTORELEASING = YES;
				CLANG_WARN_BOOL_CONVERSION = YES;
				CLANG_WARN_COMMA = YES;
				CLANG_WARN_CONSTANT_CONVERSION = YES;
				CLANG_WARN_DEPRECATED_OBJC_IMPLEMENTATIONS = YES;
				CLANG_WARN_DIRECT_OBJC_ISA_USAGE = YES_ERROR;
				CLANG_WARN_DOCUMENTATION_COMMENTS = YES;
				CLANG_WARN_EMPTY_BODY = YES;
				CLANG_WARN_ENUM_CONVERSION = YES;
				CLANG_WARN_INFINITE_RECURSION = YES;
				CLANG_WARN_INT_CONVERSION = YES;
				CLANG_WARN_NON_LITERAL_NULL_CONVERSION = YES;
				CLANG_WARN_OBJC_IMPLICIT_RETAIN_SELF = YES;
				CLANG_WARN_OBJC_LITERAL_CONVERSION = YES;
				CLANG_WARN_OBJC_ROOT_CLASS = YES_ERROR;
				CLANG_WARN_QUOTED_INCLUDE_IN_FRAMEWORK_HEADER = YES;
				CLANG_WARN_RANGE_LOOP_ANALYSIS = YES;
				CLANG_WARN_STRICT_PROTOTYPES = YES;
				CLANG_WARN_SUSPICIOUS_MOVE = YES;
				CLANG_WARN_UNGUARDED_AVAILABILITY = YES_AGGRESSIVE;
				CLANG_WARN_UNREACHABLE_CODE = YES;
				CLANG_WARN__DUPLICATE_METHOD_MATCH = YES;
				COPY_PHASE_STRIP = NO;
				DEBUG_INFORMATION_FORMAT = "dwarf-with-dsym";
				ENABLE_NS_ASSERTIONS = NO;
				ENABLE_STRICT_OBJC_MSGSEND = YES;
				GCC_C_LANGUAGE_STANDARD = gnu11;
				GCC_NO_COMMON_BLOCKS = YES;
				GCC_WARN_64_TO_32_BIT_CONVERSION = YES;
				GCC_WARN_ABOUT_RETURN_TYPE = YES_ERROR;
				GCC_WARN_UNDECLARED_SELECTOR = YES;
				GCC_WARN_UNINITIALIZED_AUTOS = YES_AGGRESSIVE;
				GCC_WARN_UNUSED_FUNCTION = YES;
				GCC_WARN_UNUSED_VARIABLE = YES;
				IPHONEOS_DEPLOYMENT_TARGET = 14.2;
				MTL_ENABLE_DEBUG_INFO = NO;
				MTL_FAST_MATH = YES;
				SDKROOT = iphoneos;
				SWIFT_COMPILATION_MODE = wholemodule;
				SWIFT_OPTIMIZATION_LEVEL = "-O";
				VALIDATE_PRODUCT = YES;
			};
			name = Release;
		};
		A14668B82577996F0030EDC8 /* Debug */ = {
			isa = XCBuildConfiguration;
			buildSettings = {
				ASSETCATALOG_COMPILER_APPICON_NAME = AppIcon;
				ASSETCATALOG_COMPILER_GLOBAL_ACCENT_COLOR_NAME = AccentColor;
				CODE_SIGN_STYLE = Automatic;
				DEVELOPMENT_TEAM = 226833GSKB;
				INFOPLIST_FILE = "horizontal picker/Info.plist";
				LD_RUNPATH_SEARCH_PATHS = (
					"$(inherited)",
					"@executable_path/Frameworks",
				);
				PRODUCT_BUNDLE_IDENTIFIER = "com.rudolf.horizontal-picker";
				PRODUCT_NAME = "$(TARGET_NAME)";
				SWIFT_VERSION = 5.0;
				TARGETED_DEVICE_FAMILY = "1,2";
			};
			name = Debug;
		};
		A14668B92577996F0030EDC8 /* Release */ = {
			isa = XCBuildConfiguration;
			buildSettings = {
				ASSETCATALOG_COMPILER_APPICON_NAME = AppIcon;
				ASSETCATALOG_COMPILER_GLOBAL_ACCENT_COLOR_NAME = AccentColor;
				CODE_SIGN_STYLE = Automatic;
				DEVELOPMENT_TEAM = 226833GSKB;
				INFOPLIST_FILE = "horizontal picker/Info.plist";
				LD_RUNPATH_SEARCH_PATHS = (
					"$(inherited)",
					"@executable_path/Frameworks",
				);
				PRODUCT_BUNDLE_IDENTIFIER = "com.rudolf.horizontal-picker";
				PRODUCT_NAME = "$(TARGET_NAME)";
				SWIFT_VERSION = 5.0;
				TARGETED_DEVICE_FAMILY = "1,2";
			};
			name = Release;
		};
/* End XCBuildConfiguration section */

/* Begin XCConfigurationList section */
		A146689E2577996E0030EDC8 /* Build configuration list for PBXProject "horizontal picker" */ = {
			isa = XCConfigurationList;
			buildConfigurations = (
				A14668B52577996F0030EDC8 /* Debug */,
				A14668B62577996F0030EDC8 /* Release */,
			);
			defaultConfigurationIsVisible = 0;
			defaultConfigurationName = Release;
		};
		A14668B72577996F0030EDC8 /* Build configuration list for PBXNativeTarget "horizontal picker" */ = {
			isa = XCConfigurationList;
			buildConfigurations = (
				A14668B82577996F0030EDC8 /* Debug */,
				A14668B92577996F0030EDC8 /* Release */,
			);
			defaultConfigurationIsVisible = 0;
			defaultConfigurationName = Release;
		};
/* End XCConfigurationList section */
	};
	rootObject = A146689B2577996E0030EDC8 /* Project object */;
}
